
Microsoft Visual Studio Solution File, Format Version 12.00
# Visual Studio 15
VisualStudioVersion = 15.0.27703.2035
MinimumVisualStudioVersion = 10.0.40219.1
Project("{FAE04EC0-301F-11D3-BF4B-00C04F79EFBC}") = "student-manager", "student-manager\student-manager.csproj", "{72F7EE52-B363-4FF6-A38B-00680B240D04}"
EndProject
Global
	GlobalSection(SolutionConfigurationPlatforms) = preSolution
		Debug|Any CPU = Debug|Any CPU
		Release|Any CPU = Release|Any CPU
	EndGlobalSection
	GlobalSection(ProjectConfigurationPlatforms) = postSolution
		{72F7EE52-B363-4FF6-A38B-00680B240D04}.Debug|Any CPU.ActiveCfg = Debug|Any CPU
		{72F7EE52-B363-4FF6-A38B-00680B240D04}.Debug|Any CPU.Build.0 = Debug|Any CPU
		{72F7EE52-B363-4FF6-A38B-00680B240D04}.Release|Any CPU.ActiveCfg = Release|Any CPU
		{72F7EE52-B363-4FF6-A38B-00680B240D04}.Release|Any CPU.Build.0 = Release|Any CPU
	EndGlobalSection
	GlobalSection(SolutionProperties) = preSolution
		HideSolutionNode = FALSE
	EndGlobalSection
	GlobalSection(ExtensibilityGlobals) = postSolution
		SolutionGuid = {CEC2BB98-0A3F-4755-A07B-1FCD4535F99B}
	EndGlobalSection
EndGlobal
